
Microsoft Visual Studio Solution File, Format Version 12.00
# Visual Studio Version 17
VisualStudioVersion = 17.9.34616.47
MinimumVisualStudioVersion = 10.0.40219.1
Project("{FAE04EC0-301F-11D3-BF4B-00C04F79EFBC}") = "TeamDefense2", "TeamDefense2\TeamDefense2.csproj", "{8FF23FA3-8205-419F-A507-A0D50745F8B5}"
EndProject
Global
	GlobalSection(SolutionConfigurationPlatforms) = preSolution
		Debug|Any CPU = Debug|Any CPU
		Release|Any CPU = Release|Any CPU
	EndGlobalSection
	GlobalSection(ProjectConfigurationPlatforms) = postSolution
		{8FF23FA3-8205-419F-A507-A0D50745F8B5}.Debug|Any CPU.ActiveCfg = Debug|Any CPU
		{8FF23FA3-8205-419F-A507-A0D50745F8B5}.Debug|Any CPU.Build.0 = Debug|Any CPU
		{8FF23FA3-8205-419F-A507-A0D50745F8B5}.Release|Any CPU.ActiveCfg = Release|Any CPU
		{8FF23FA3-8205-419F-A507-A0D50745F8B5}.Release|Any CPU.Build.0 = Release|Any CPU
	EndGlobalSection
	GlobalSection(SolutionProperties) = preSolution
		HideSolutionNode = FALSE
	EndGlobalSection
	GlobalSection(ExtensibilityGlobals) = postSolution
		SolutionGuid = {68848E84-C369-4719-9BFA-C04A8B68FB6E}
	EndGlobalSection
EndGlobal
